
Microsoft Visual Studio Solution File, Format Version 12.00
# Visual Studio 2015
Project("{FAE04EC0-301F-11D3-BF4B-00C04F79EFBC}") = "BR_TowerDefenseGame", "BR_TowerDefenseGame.csproj", "{1C5C3827-7B75-6655-5462-830CE8A7DF90}"
EndProject
Project("{FAE04EC0-301F-11D3-BF4B-00C04F79EFBC}") = "BR_TowerDefenseGame.Editor", "BR_TowerDefenseGame.Editor.csproj", "{2315F057-3BF3-991D-663C-79701ECDEBBA}"
EndProject
Global
	GlobalSection(SolutionConfigurationPlatforms) = preSolution
		Debug|Any CPU = Debug|Any CPU
		Release|Any CPU = Release|Any CPU
	EndGlobalSection
	GlobalSection(ProjectConfigurationPlatforms) = postSolution
		{1C5C3827-7B75-6655-5462-830CE8A7DF90}.Debug|Any CPU.ActiveCfg = Debug|Any CPU
		{1C5C3827-7B75-6655-5462-830CE8A7DF90}.Debug|Any CPU.Build.0 = Debug|Any CPU
		{1C5C3827-7B75-6655-5462-830CE8A7DF90}.Release|Any CPU.ActiveCfg = Release|Any CPU
		{1C5C3827-7B75-6655-5462-830CE8A7DF90}.Release|Any CPU.Build.0 = Release|Any CPU
		{2315F057-3BF3-991D-663C-79701ECDEBBA}.Debug|Any CPU.ActiveCfg = Debug|Any CPU
		{2315F057-3BF3-991D-663C-79701ECDEBBA}.Debug|Any CPU.Build.0 = Debug|Any CPU
		{2315F057-3BF3-991D-663C-79701ECDEBBA}.Release|Any CPU.ActiveCfg = Release|Any CPU
		{2315F057-3BF3-991D-663C-79701ECDEBBA}.Release|Any CPU.Build.0 = Release|Any CPU
	EndGlobalSection
	GlobalSection(SolutionProperties) = preSolution
		HideSolutionNode = FALSE
	EndGlobalSection
EndGlobal
